
Microsoft Visual Studio Solution File, Format Version 12.00
# Visual Studio Version 16
VisualStudioVersion = 16.0.29326.143
MinimumVisualStudioVersion = 10.0.40219.1
Project("{9A19103F-16F7-4668-BE54-9A1E7A4F7556}") = "ArrivedAPI", "ArrivedAPI\ArrivedAPI.csproj", "{E7D7399E-12E9-40C1-8ED7-67C2FB997DD2}"
	ProjectSection(ProjectDependencies) = postProject
		{C998794E-D104-4601-9846-D2760B5BA27D} = {C998794E-D104-4601-9846-D2760B5BA27D}
	EndProjectSection
EndProject
Project("{FAE04EC0-301F-11D3-BF4B-00C04F79EFBC}") = "Domain", "Domain\Domain.csproj", "{CFBF45FD-D0CD-4579-A69C-7C5F4780453F}"
EndProject
Project("{9A19103F-16F7-4668-BE54-9A1E7A4F7556}") = "DAL", "Test\DAL.csproj", "{C998794E-D104-4601-9846-D2760B5BA27D}"
EndProject
Global
	GlobalSection(SolutionConfigurationPlatforms) = preSolution
		Debug|Any CPU = Debug|Any CPU
		Release|Any CPU = Release|Any CPU
	EndGlobalSection
	GlobalSection(ProjectConfigurationPlatforms) = postSolution
		{E7D7399E-12E9-40C1-8ED7-67C2FB997DD2}.Debug|Any CPU.ActiveCfg = Debug|Any CPU
		{E7D7399E-12E9-40C1-8ED7-67C2FB997DD2}.Debug|Any CPU.Build.0 = Debug|Any CPU
		{E7D7399E-12E9-40C1-8ED7-67C2FB997DD2}.Release|Any CPU.ActiveCfg = Release|Any CPU
		{E7D7399E-12E9-40C1-8ED7-67C2FB997DD2}.Release|Any CPU.Build.0 = Release|Any CPU
		{CFBF45FD-D0CD-4579-A69C-7C5F4780453F}.Debug|Any CPU.ActiveCfg = Debug|Any CPU
		{CFBF45FD-D0CD-4579-A69C-7C5F4780453F}.Debug|Any CPU.Build.0 = Debug|Any CPU
		{CFBF45FD-D0CD-4579-A69C-7C5F4780453F}.Release|Any CPU.ActiveCfg = Release|Any CPU
		{CFBF45FD-D0CD-4579-A69C-7C5F4780453F}.Release|Any CPU.Build.0 = Release|Any CPU
		{C998794E-D104-4601-9846-D2760B5BA27D}.Debug|Any CPU.ActiveCfg = Debug|Any CPU
		{C998794E-D104-4601-9846-D2760B5BA27D}.Debug|Any CPU.Build.0 = Debug|Any CPU
		{C998794E-D104-4601-9846-D2760B5BA27D}.Release|Any CPU.ActiveCfg = Release|Any CPU
		{C998794E-D104-4601-9846-D2760B5BA27D}.Release|Any CPU.Build.0 = Release|Any CPU
	EndGlobalSection
	GlobalSection(SolutionProperties) = preSolution
		HideSolutionNode = FALSE
	EndGlobalSection
	GlobalSection(ExtensibilityGlobals) = postSolution
		SolutionGuid = {3AD049FF-18CD-4A40-B81A-F132EE3401ED}
	EndGlobalSection
EndGlobal
